{
  "pins" : [
    {
      "identity" : "wwhashtagviewcontroller",
      "kind" : "remoteSourceControl",
      "location" : "https://github.com/William-Weng/WWHashTagViewController",
      "state" : {
        "revision" : "93643be60b5f1a23d8af1ca3eeb28f1a996d4502",
        "version" : "1.0.3"
      }
    }
  ],
  "version" : 2
}
