{
  "pins" : [
    {
      "identity" : "wwhashtagviewcontroller",
      "kind" : "remoteSourceControl",
      "location" : "https://github.com/William-Weng/WWHashTagViewController",
      "state" : {
        "revision" : "4ca6f2826652e0e1b749eb654312d39b7e4f2b55",
        "version" : "1.0.0"
      }
    }
  ],
  "version" : 2
}
